
Microsoft Visual Studio Solution File, Format Version 12.00
# Visual Studio 15
VisualStudioVersion = 15.0.27703.2026
MinimumVisualStudioVersion = 10.0.40219.1
Project("{FAE04EC0-301F-11D3-BF4B-00C04F79EFBC}") = "Numerical Analysis", "Numerical Analysis\Numerical Analysis.csproj", "{C6833A11-C2E7-4ACB-939A-DC9D4B564CBE}"
EndProject
Global
	GlobalSection(SolutionConfigurationPlatforms) = preSolution
		Debug|Any CPU = Debug|Any CPU
		Release|Any CPU = Release|Any CPU
	EndGlobalSection
	GlobalSection(ProjectConfigurationPlatforms) = postSolution
		{C6833A11-C2E7-4ACB-939A-DC9D4B564CBE}.Debug|Any CPU.ActiveCfg = Debug|Any CPU
		{C6833A11-C2E7-4ACB-939A-DC9D4B564CBE}.Debug|Any CPU.Build.0 = Debug|Any CPU
		{C6833A11-C2E7-4ACB-939A-DC9D4B564CBE}.Release|Any CPU.ActiveCfg = Release|Any CPU
		{C6833A11-C2E7-4ACB-939A-DC9D4B564CBE}.Release|Any CPU.Build.0 = Release|Any CPU
	EndGlobalSection
	GlobalSection(SolutionProperties) = preSolution
		HideSolutionNode = FALSE
	EndGlobalSection
	GlobalSection(ExtensibilityGlobals) = postSolution
		SolutionGuid = {E66D3DF8-1F08-4204-9623-EDEEEEAA66B9}
	EndGlobalSection
EndGlobal
